
Microsoft Visual Studio Solution File, Format Version 12.00
# Visual Studio Version 17
VisualStudioVersion = 17.10.35013.160
MinimumVisualStudioVersion = 10.0.40219.1
Project("{FAE04EC0-301F-11D3-BF4B-00C04F79EFBC}") = "RabbitMQ_Consumer", "RabbitMQ_Consumer\RabbitMQ_Consumer.csproj", "{1269617B-4310-4658-8489-956E534A88E5}"
EndProject
Global
	GlobalSection(SolutionConfigurationPlatforms) = preSolution
		Debug|Any CPU = Debug|Any CPU
		Release|Any CPU = Release|Any CPU
	EndGlobalSection
	GlobalSection(ProjectConfigurationPlatforms) = postSolution
		{1269617B-4310-4658-8489-956E534A88E5}.Debug|Any CPU.ActiveCfg = Debug|Any CPU
		{1269617B-4310-4658-8489-956E534A88E5}.Debug|Any CPU.Build.0 = Debug|Any CPU
		{1269617B-4310-4658-8489-956E534A88E5}.Release|Any CPU.ActiveCfg = Release|Any CPU
		{1269617B-4310-4658-8489-956E534A88E5}.Release|Any CPU.Build.0 = Release|Any CPU
	EndGlobalSection
	GlobalSection(SolutionProperties) = preSolution
		HideSolutionNode = FALSE
	EndGlobalSection
	GlobalSection(ExtensibilityGlobals) = postSolution
		SolutionGuid = {057F81B8-7806-4460-8E98-BCAA046FD345}
	EndGlobalSection
EndGlobal
