
Microsoft Visual Studio Solution File, Format Version 12.00
# Visual Studio Version 17
VisualStudioVersion = 17.10.35013.160
MinimumVisualStudioVersion = 10.0.40219.1
Project("{FAE04EC0-301F-11D3-BF4B-00C04F79EFBC}") = "RabbitMQ_Publisher", "RabbitMQ_Publisher\RabbitMQ_Publisher.csproj", "{23ADC8BF-8DCF-4FC0-8599-5C29E2B1ED26}"
EndProject
Global
	GlobalSection(SolutionConfigurationPlatforms) = preSolution
		Debug|Any CPU = Debug|Any CPU
		Release|Any CPU = Release|Any CPU
	EndGlobalSection
	GlobalSection(ProjectConfigurationPlatforms) = postSolution
		{23ADC8BF-8DCF-4FC0-8599-5C29E2B1ED26}.Debug|Any CPU.ActiveCfg = Debug|Any CPU
		{23ADC8BF-8DCF-4FC0-8599-5C29E2B1ED26}.Debug|Any CPU.Build.0 = Debug|Any CPU
		{23ADC8BF-8DCF-4FC0-8599-5C29E2B1ED26}.Release|Any CPU.ActiveCfg = Release|Any CPU
		{23ADC8BF-8DCF-4FC0-8599-5C29E2B1ED26}.Release|Any CPU.Build.0 = Release|Any CPU
	EndGlobalSection
	GlobalSection(SolutionProperties) = preSolution
		HideSolutionNode = FALSE
	EndGlobalSection
	GlobalSection(ExtensibilityGlobals) = postSolution
		SolutionGuid = {57B1C2E8-CD30-45DD-9008-FC6C49F29E37}
	EndGlobalSection
EndGlobal
